
Microsoft Visual Studio Solution File, Format Version 12.00
# Visual Studio Version 16
VisualStudioVersion = 16.0.30001.183
MinimumVisualStudioVersion = 10.0.40219.1
Project("{9A19103F-16F7-4668-BE54-9A1E7A4F7556}") = "DncZeus.Api", "DncZeus.Api\DncZeus.Api.csproj", "{33B1926D-E1BF-4B94-BC27-4CCD24CB3642}"
EndProject
Project("{2150E333-8FDC-42A3-9474-1A3956D46DE8}") = "AdminUi", "AdminUi", "{EB4067D3-6F61-45CD-820F-2293B047175D}"
EndProject
Project("{9092AA53-FB77-4645-B42D-1CCCA6BD08BD}") = "DncZeus.App", "AdminUi\DncZeus.App\DncZeus.App.njsproj", "{88609FA5-EBBB-4BA1-9634-DB27B74B9A8D}"
EndProject
Project("{9092AA53-FB77-4645-B42D-1CCCA6BD08BD}") = "DncZeus.D2App", "AdminUi\DncZeus.D2App\DncZeus.D2App.njsproj", "{7CBF5B19-B970-4683-9900-FF331495D17D}"
EndProject
Project("{9A19103F-16F7-4668-BE54-9A1E7A4F7556}") = "Noob.D2CMSApi", "Noob.D2CMSApi\Noob.D2CMSApi.csproj", "{F83DC987-58A6-4E19-AEED-D84C7A061D81}"
EndProject
Project("{9A19103F-16F7-4668-BE54-9A1E7A4F7556}") = "Noob.Core", "Noob.Core\Noob.Core.csproj", "{EB010E93-EAA6-4D97-80E2-9E7DDEA6455E}"
EndProject
Project("{FAE04EC0-301F-11D3-BF4B-00C04F79EFBC}") = "Noob.NUnitTests", "Noob.NUnitTests\Noob.NUnitTests.csproj", "{0FB22991-85C1-4D4A-9CA9-83C95331407C}"
EndProject
Global
	GlobalSection(SolutionConfigurationPlatforms) = preSolution
		Debug|Any CPU = Debug|Any CPU
		Release|Any CPU = Release|Any CPU
	EndGlobalSection
	GlobalSection(ProjectConfigurationPlatforms) = postSolution
		{33B1926D-E1BF-4B94-BC27-4CCD24CB3642}.Debug|Any CPU.ActiveCfg = Debug|Any CPU
		{33B1926D-E1BF-4B94-BC27-4CCD24CB3642}.Debug|Any CPU.Build.0 = Debug|Any CPU
		{33B1926D-E1BF-4B94-BC27-4CCD24CB3642}.Release|Any CPU.ActiveCfg = Release|Any CPU
		{33B1926D-E1BF-4B94-BC27-4CCD24CB3642}.Release|Any CPU.Build.0 = Release|Any CPU
		{88609FA5-EBBB-4BA1-9634-DB27B74B9A8D}.Debug|Any CPU.ActiveCfg = Debug|Any CPU
		{88609FA5-EBBB-4BA1-9634-DB27B74B9A8D}.Debug|Any CPU.Build.0 = Debug|Any CPU
		{88609FA5-EBBB-4BA1-9634-DB27B74B9A8D}.Release|Any CPU.ActiveCfg = Release|Any CPU
		{88609FA5-EBBB-4BA1-9634-DB27B74B9A8D}.Release|Any CPU.Build.0 = Release|Any CPU
		{7CBF5B19-B970-4683-9900-FF331495D17D}.Debug|Any CPU.ActiveCfg = Debug|Any CPU
		{7CBF5B19-B970-4683-9900-FF331495D17D}.Debug|Any CPU.Build.0 = Debug|Any CPU
		{7CBF5B19-B970-4683-9900-FF331495D17D}.Release|Any CPU.ActiveCfg = Release|Any CPU
		{7CBF5B19-B970-4683-9900-FF331495D17D}.Release|Any CPU.Build.0 = Release|Any CPU
		{F83DC987-58A6-4E19-AEED-D84C7A061D81}.Debug|Any CPU.ActiveCfg = Debug|Any CPU
		{F83DC987-58A6-4E19-AEED-D84C7A061D81}.Debug|Any CPU.Build.0 = Debug|Any CPU
		{F83DC987-58A6-4E19-AEED-D84C7A061D81}.Release|Any CPU.ActiveCfg = Release|Any CPU
		{F83DC987-58A6-4E19-AEED-D84C7A061D81}.Release|Any CPU.Build.0 = Release|Any CPU
		{EB010E93-EAA6-4D97-80E2-9E7DDEA6455E}.Debug|Any CPU.ActiveCfg = Debug|Any CPU
		{EB010E93-EAA6-4D97-80E2-9E7DDEA6455E}.Debug|Any CPU.Build.0 = Debug|Any CPU
		{EB010E93-EAA6-4D97-80E2-9E7DDEA6455E}.Release|Any CPU.ActiveCfg = Release|Any CPU
		{EB010E93-EAA6-4D97-80E2-9E7DDEA6455E}.Release|Any CPU.Build.0 = Release|Any CPU
		{0FB22991-85C1-4D4A-9CA9-83C95331407C}.Debug|Any CPU.ActiveCfg = Debug|Any CPU
		{0FB22991-85C1-4D4A-9CA9-83C95331407C}.Debug|Any CPU.Build.0 = Debug|Any CPU
		{0FB22991-85C1-4D4A-9CA9-83C95331407C}.Release|Any CPU.ActiveCfg = Release|Any CPU
		{0FB22991-85C1-4D4A-9CA9-83C95331407C}.Release|Any CPU.Build.0 = Release|Any CPU
	EndGlobalSection
	GlobalSection(SolutionProperties) = preSolution
		HideSolutionNode = FALSE
	EndGlobalSection
	GlobalSection(NestedProjects) = preSolution
		{88609FA5-EBBB-4BA1-9634-DB27B74B9A8D} = {EB4067D3-6F61-45CD-820F-2293B047175D}
		{7CBF5B19-B970-4683-9900-FF331495D17D} = {EB4067D3-6F61-45CD-820F-2293B047175D}
	EndGlobalSection
	GlobalSection(ExtensibilityGlobals) = postSolution
		SolutionGuid = {2D32BF04-CF2E-444D-B690-EE983D9D0BC5}
	EndGlobalSection
EndGlobal
